
Microsoft Visual Studio Solution File, Format Version 12.00
# Visual Studio Version 17
VisualStudioVersion = 17.13.35931.197 d17.13
MinimumVisualStudioVersion = 10.0.40219.1
Project("{FAE04EC0-301F-11D3-BF4B-00C04F79EFBC}") = "OrderApp", "OrderApp\OrderApp.csproj", "{467ECEA6-28A0-401A-8576-8104B24EE699}"
EndProject
Global
	GlobalSection(SolutionConfigurationPlatforms) = preSolution
		Debug|Any CPU = Debug|Any CPU
		Release|Any CPU = Release|Any CPU
	EndGlobalSection
	GlobalSection(ProjectConfigurationPlatforms) = postSolution
		{467ECEA6-28A0-401A-8576-8104B24EE699}.Debug|Any CPU.ActiveCfg = Debug|Any CPU
		{467ECEA6-28A0-401A-8576-8104B24EE699}.Debug|Any CPU.Build.0 = Debug|Any CPU
		{467ECEA6-28A0-401A-8576-8104B24EE699}.Release|Any CPU.ActiveCfg = Release|Any CPU
		{467ECEA6-28A0-401A-8576-8104B24EE699}.Release|Any CPU.Build.0 = Release|Any CPU
	EndGlobalSection
	GlobalSection(SolutionProperties) = preSolution
		HideSolutionNode = FALSE
	EndGlobalSection
	GlobalSection(ExtensibilityGlobals) = postSolution
		SolutionGuid = {2AE47174-7E1C-4B16-B158-01B204593C41}
	EndGlobalSection
EndGlobal
